
Microsoft Visual Studio Solution File, Format Version 12.00
# Visual Studio Version 17
VisualStudioVersion = 17.10.35122.118
MinimumVisualStudioVersion = 10.0.40219.1
Project("{9A19103F-16F7-4668-BE54-9A1E7A4F7556}") = "AiEntegrasyonProjesi", "AiEntegrasyonProjesi\AiEntegrasyonProjesi.csproj", "{7CAD52FE-5645-44BA-AC3D-26B71B7A1BEE}"
EndProject
Global
	GlobalSection(SolutionConfigurationPlatforms) = preSolution
		Debug|Any CPU = Debug|Any CPU
		Release|Any CPU = Release|Any CPU
	EndGlobalSection
	GlobalSection(ProjectConfigurationPlatforms) = postSolution
		{7CAD52FE-5645-44BA-AC3D-26B71B7A1BEE}.Debug|Any CPU.ActiveCfg = Debug|Any CPU
		{7CAD52FE-5645-44BA-AC3D-26B71B7A1BEE}.Debug|Any CPU.Build.0 = Debug|Any CPU
		{7CAD52FE-5645-44BA-AC3D-26B71B7A1BEE}.Release|Any CPU.ActiveCfg = Release|Any CPU
		{7CAD52FE-5645-44BA-AC3D-26B71B7A1BEE}.Release|Any CPU.Build.0 = Release|Any CPU
	EndGlobalSection
	GlobalSection(SolutionProperties) = preSolution
		HideSolutionNode = FALSE
	EndGlobalSection
	GlobalSection(ExtensibilityGlobals) = postSolution
		SolutionGuid = {3EEEE349-F5A9-438F-9EFA-5F823CD57827}
	EndGlobalSection
EndGlobal
